
Microsoft Visual Studio Solution File, Format Version 12.00
# Visual Studio Version 16
VisualStudioVersion = 16.0.29424.173
MinimumVisualStudioVersion = 10.0.40219.1
Project("{8BC9CEB8-8B4A-11D0-8D11-00A0C91BC942}") = "Win32_gui", "msvc\Win32_gui.vcxproj", "{EA56CF28-F62A-44FB-86A4-00858A043516}"
	ProjectSection(ProjectDependencies) = postProject
		{FBE04237-9C7B-4973-9C60-505975998B39} = {FBE04237-9C7B-4973-9C60-505975998B39}
	EndProjectSection
EndProject
Project("{8BC9CEB8-8B4A-11D0-8D11-00A0C91BC942}") = "SciLexer", "external\scintilla\win32\SciLexer.vcxproj", "{FBE04237-9C7B-4973-9C60-505975998B39}"
EndProject
Project("{8BC9CEB8-8B4A-11D0-8D11-00A0C91BC942}") = "basic_components_example", "example\basic_components\msvc\project.vcxproj", "{F4552FF9-F8DF-4CF7-AC5F-BCE39DD05E28}"
	ProjectSection(ProjectDependencies) = postProject
		{EA56CF28-F62A-44FB-86A4-00858A043516} = {EA56CF28-F62A-44FB-86A4-00858A043516}
		{FBE04237-9C7B-4973-9C60-505975998B39} = {FBE04237-9C7B-4973-9C60-505975998B39}
	EndProjectSection
EndProject
Global
	GlobalSection(SolutionConfigurationPlatforms) = preSolution
		Debug|x64 = Debug|x64
		Debug|x86 = Debug|x86
		Release|x64 = Release|x64
		Release|x86 = Release|x86
	EndGlobalSection
	GlobalSection(ProjectConfigurationPlatforms) = postSolution
		{EA56CF28-F62A-44FB-86A4-00858A043516}.Debug|x64.ActiveCfg = Debug|Win32
		{EA56CF28-F62A-44FB-86A4-00858A043516}.Debug|x86.ActiveCfg = Debug|Win32
		{EA56CF28-F62A-44FB-86A4-00858A043516}.Debug|x86.Build.0 = Debug|Win32
		{EA56CF28-F62A-44FB-86A4-00858A043516}.Release|x64.ActiveCfg = Release|Win32
		{EA56CF28-F62A-44FB-86A4-00858A043516}.Release|x86.ActiveCfg = Release|Win32
		{EA56CF28-F62A-44FB-86A4-00858A043516}.Release|x86.Build.0 = Release|Win32
		{FBE04237-9C7B-4973-9C60-505975998B39}.Debug|x64.ActiveCfg = Debug|x64
		{FBE04237-9C7B-4973-9C60-505975998B39}.Debug|x64.Build.0 = Debug|x64
		{FBE04237-9C7B-4973-9C60-505975998B39}.Debug|x86.ActiveCfg = Debug|Win32
		{FBE04237-9C7B-4973-9C60-505975998B39}.Debug|x86.Build.0 = Debug|Win32
		{FBE04237-9C7B-4973-9C60-505975998B39}.Release|x64.ActiveCfg = Release|x64
		{FBE04237-9C7B-4973-9C60-505975998B39}.Release|x64.Build.0 = Release|x64
		{FBE04237-9C7B-4973-9C60-505975998B39}.Release|x86.ActiveCfg = Release|Win32
		{FBE04237-9C7B-4973-9C60-505975998B39}.Release|x86.Build.0 = Release|Win32
		{F4552FF9-F8DF-4CF7-AC5F-BCE39DD05E28}.Debug|x64.ActiveCfg = Debug|x64
		{F4552FF9-F8DF-4CF7-AC5F-BCE39DD05E28}.Debug|x64.Build.0 = Debug|x64
		{F4552FF9-F8DF-4CF7-AC5F-BCE39DD05E28}.Debug|x86.ActiveCfg = Debug|Win32
		{F4552FF9-F8DF-4CF7-AC5F-BCE39DD05E28}.Debug|x86.Build.0 = Debug|Win32
		{F4552FF9-F8DF-4CF7-AC5F-BCE39DD05E28}.Release|x64.ActiveCfg = Release|x64
		{F4552FF9-F8DF-4CF7-AC5F-BCE39DD05E28}.Release|x64.Build.0 = Release|x64
		{F4552FF9-F8DF-4CF7-AC5F-BCE39DD05E28}.Release|x86.ActiveCfg = Release|Win32
		{F4552FF9-F8DF-4CF7-AC5F-BCE39DD05E28}.Release|x86.Build.0 = Release|Win32
	EndGlobalSection
	GlobalSection(SolutionProperties) = preSolution
		HideSolutionNode = FALSE
	EndGlobalSection
	GlobalSection(ExtensibilityGlobals) = postSolution
		SolutionGuid = {546AE580-40A9-4CD0-B9E1-8BB2A40257E4}
	EndGlobalSection
EndGlobal
